{
    "dama/doctrine-test-bundle": {
        "version": "4.0",
        "recipe": {
            "repo": "github.com/symfony/recipes-contrib",
            "branch": "master",
            "version": "4.0",
            "ref": "56eaa387b5e48ebcc7c95a893b47dfa1ad51449c"
        }
    },
    "doctrine/data-fixtures": {
        "version": "v1.3.1"
    },
    "doctrine/doctrine-fixtures-bundle": {
        "version": "3.0",
        "recipe": {
            "repo": "github.com/symfony/recipes",
            "branch": "master",
            "version": "3.0",
            "ref": "fc52d86631a6dfd9fdf3381d0b7e3df2069e51b3"
        }
    },
    "doctrine/doctrine-migrations-bundle": {
        "version": "1.2",
        "recipe": {
            "repo": "github.com/symfony/recipes",
            "branch": "master",
            "version": "1.2",
            "ref": "c1431086fec31f17fbcfe6d6d7e92059458facc1"
        }
    },
    "doctrine/migrations": {
        "version": "v1.8.1"
    },
    "facebook/webdriver": {
        "version": "1.6.0"
    },
    "fzaninotto/faker": {
        "version": "v1.8.0"
    },
    "lcobucci/jwt": {
        "version": "3.2.4"
    },
    "lexik/jwt-authentication-bundle": {
        "version": "2.5",
        "recipe": {
            "repo": "github.com/symfony/recipes",
            "branch": "master",
            "version": "2.5",
            "ref": "509b1542f3180a1cfe248ade8b7bf5092c2d4127"
        }
    },
    "namshi/jose": {
        "version": "7.2.3"
    },
    "ocramius/proxy-manager": {
        "version": "2.2.2"
    },
    "symfony/browser-kit": {
        "version": "v4.1.7"
    },
    "symfony/css-selector": {
        "version": "v4.1.7"
    },
    "symfony/dependency-injection": {
        "version": "v4.1.7"
    },
    "symfony/dom-crawler": {
        "version": "v4.1.7"
    },
    "symfony/maker-bundle": {
        "version": "1.0",
        "recipe": {
            "repo": "github.com/symfony/recipes",
            "branch": "master",
            "version": "1.0",
            "ref": "fadbfe33303a76e25cb63401050439aa9b1a9c7f"
        }
    },
    "symfony/panther": {
        "version": "v0.2.0"
    },
    "symfony/phpunit-bridge": {
        "version": "4.1",
        "recipe": {
            "repo": "github.com/symfony/recipes",
            "branch": "master",
            "version": "4.1",
            "ref": "b4c7d939cac9a67e02366fa7971746e9cbf1dad0"
        }
    },
    "symfony/test-pack": {
        "version": "v1.0.4"
    },
    "zendframework/zend-code": {
        "version": "3.3.1"
    },
    "zendframework/zend-eventmanager": {
        "version": "3.2.1"
    }
}
