{
    "doctrine/doctrine-migrations-bundle": {
        "version": "1.2",
        "recipe": {
            "repo": "github.com/symfony/recipes",
            "branch": "master",
            "version": "1.2",
            "ref": "c1431086fec31f17fbcfe6d6d7e92059458facc1"
        }
    },
    "doctrine/migrations": {
        "version": "v1.8.1"
    },
    "lcobucci/jwt": {
        "version": "3.2.4"
    },
    "lexik/jwt-authentication-bundle": {
        "version": "2.5",
        "recipe": {
            "repo": "github.com/symfony/recipes",
            "branch": "master",
            "version": "2.5",
            "ref": "509b1542f3180a1cfe248ade8b7bf5092c2d4127"
        }
    },
    "namshi/jose": {
        "version": "7.2.3"
    },
    "ocramius/proxy-manager": {
        "version": "2.2.2"
    },
    "symfony/maker-bundle": {
        "version": "1.0",
        "recipe": {
            "repo": "github.com/symfony/recipes",
            "branch": "master",
            "version": "1.0",
            "ref": "fadbfe33303a76e25cb63401050439aa9b1a9c7f"
        }
    },
    "zendframework/zend-code": {
        "version": "3.3.1"
    },
    "zendframework/zend-eventmanager": {
        "version": "3.2.1"
    }
}
